
Microsoft Visual Studio Solution File, Format Version 12.00
# Visual Studio for Mac
Project("{FAE04EC0-301F-11D3-BF4B-00C04F79EFBC}") = "PopThatBubble", "PopThatBubble.csproj", "{998E9F48-7185-02DA-0C51-D3C1E70C03FC}"
EndProject
Global
	GlobalSection(SolutionConfigurationPlatforms) = preSolution
		Debug|Any CPU = Debug|Any CPU
		Release|Any CPU = Release|Any CPU
	EndGlobalSection
	GlobalSection(ProjectConfigurationPlatforms) = postSolution
		{998E9F48-7185-02DA-0C51-D3C1E70C03FC}.Debug|Any CPU.ActiveCfg = Debug|Any CPU
		{998E9F48-7185-02DA-0C51-D3C1E70C03FC}.Debug|Any CPU.Build.0 = Debug|Any CPU
		{998E9F48-7185-02DA-0C51-D3C1E70C03FC}.Release|Any CPU.ActiveCfg = Release|Any CPU
		{998E9F48-7185-02DA-0C51-D3C1E70C03FC}.Release|Any CPU.Build.0 = Release|Any CPU
	EndGlobalSection
	GlobalSection(SolutionProperties) = preSolution
		HideSolutionNode = FALSE
	EndGlobalSection
EndGlobal
